
Microsoft Visual Studio Solution File, Format Version 12.00
# Visual Studio 15
VisualStudioVersion = 15.0.27703.2026
MinimumVisualStudioVersion = 10.0.40219.1
Project("{8BC9CEB8-8B4A-11D0-8D11-00A0C91BC942}") = "asterix", "asterix\asterix.vcxproj", "{405D36CD-0AD7-401B-959C-8DD9F4127F14}"
EndProject
Project("{8BC9CEB8-8B4A-11D0-8D11-00A0C91BC942}") = "libasterix", "libasterix\libasterix.vcxproj", "{8C33C75F-1936-4C8A-9E94-BE49C523A8AC}"
EndProject
Global
	GlobalSection(SolutionConfigurationPlatforms) = preSolution
		Debug|x64 = Debug|x64
		Debug|x86 = Debug|x86
		Release|x64 = Release|x64
		Release|x86 = Release|x86
	EndGlobalSection
	GlobalSection(ProjectConfigurationPlatforms) = postSolution
		{405D36CD-0AD7-401B-959C-8DD9F4127F14}.Debug|x64.ActiveCfg = Debug|x64
		{405D36CD-0AD7-401B-959C-8DD9F4127F14}.Debug|x64.Build.0 = Debug|x64
		{405D36CD-0AD7-401B-959C-8DD9F4127F14}.Debug|x86.ActiveCfg = Debug|Win32
		{405D36CD-0AD7-401B-959C-8DD9F4127F14}.Debug|x86.Build.0 = Debug|Win32
		{405D36CD-0AD7-401B-959C-8DD9F4127F14}.Release|x64.ActiveCfg = Release|x64
		{405D36CD-0AD7-401B-959C-8DD9F4127F14}.Release|x64.Build.0 = Release|x64
		{405D36CD-0AD7-401B-959C-8DD9F4127F14}.Release|x86.ActiveCfg = Release|Win32
		{405D36CD-0AD7-401B-959C-8DD9F4127F14}.Release|x86.Build.0 = Release|Win32
		{8C33C75F-1936-4C8A-9E94-BE49C523A8AC}.Debug|x64.ActiveCfg = Debug|x64
		{8C33C75F-1936-4C8A-9E94-BE49C523A8AC}.Debug|x64.Build.0 = Debug|x64
		{8C33C75F-1936-4C8A-9E94-BE49C523A8AC}.Debug|x86.ActiveCfg = Debug|Win32
		{8C33C75F-1936-4C8A-9E94-BE49C523A8AC}.Debug|x86.Build.0 = Debug|Win32
		{8C33C75F-1936-4C8A-9E94-BE49C523A8AC}.Release|x64.ActiveCfg = Release|x64
		{8C33C75F-1936-4C8A-9E94-BE49C523A8AC}.Release|x64.Build.0 = Release|x64
		{8C33C75F-1936-4C8A-9E94-BE49C523A8AC}.Release|x86.ActiveCfg = Release|Win32
		{8C33C75F-1936-4C8A-9E94-BE49C523A8AC}.Release|x86.Build.0 = Release|Win32
	EndGlobalSection
	GlobalSection(SolutionProperties) = preSolution
		HideSolutionNode = FALSE
	EndGlobalSection
	GlobalSection(ExtensibilityGlobals) = postSolution
		SolutionGuid = {B11F7A39-B0BD-49A5-98E0-5E1FC3ECCF4E}
	EndGlobalSection
EndGlobal
